
Microsoft Visual Studio Solution File, Format Version 12.00
# Visual Studio Version 16
VisualStudioVersion = 16.0.28922.388
MinimumVisualStudioVersion = 10.0.40219.1
Project("{FAE04EC0-301F-11D3-BF4B-00C04F79EFBC}") = "chat_client", "chat_client.csproj", "{4F6AC682-B637-444D-B746-F59B78B3F8AA}"
EndProject
Global
	GlobalSection(SolutionConfigurationPlatforms) = preSolution
		Debug|Any CPU = Debug|Any CPU
		Release|Any CPU = Release|Any CPU
	EndGlobalSection
	GlobalSection(ProjectConfigurationPlatforms) = postSolution
		{4F6AC682-B637-444D-B746-F59B78B3F8AA}.Debug|Any CPU.ActiveCfg = Debug|Any CPU
		{4F6AC682-B637-444D-B746-F59B78B3F8AA}.Debug|Any CPU.Build.0 = Debug|Any CPU
		{4F6AC682-B637-444D-B746-F59B78B3F8AA}.Release|Any CPU.ActiveCfg = Release|Any CPU
		{4F6AC682-B637-444D-B746-F59B78B3F8AA}.Release|Any CPU.Build.0 = Release|Any CPU
	EndGlobalSection
	GlobalSection(SolutionProperties) = preSolution
		HideSolutionNode = FALSE
	EndGlobalSection
	GlobalSection(ExtensibilityGlobals) = postSolution
		SolutionGuid = {345AAACD-6419-4044-9B5D-CA92436D100F}
	EndGlobalSection
EndGlobal
