
Microsoft Visual Studio Solution File, Format Version 12.00
# Visual Studio Version 16
VisualStudioVersion = 16.0.28917.181
MinimumVisualStudioVersion = 10.0.40219.1
Project("{8BC9CEB8-8B4A-11D0-8D11-00A0C91BC942}") = "echo", "echo.vcxproj", "{CB7D04BF-E7A5-4E4D-B48F-71FB2E9318BF}"
EndProject
Global
	GlobalSection(SolutionConfigurationPlatforms) = preSolution
		Debug|x64 = Debug|x64
		Debug|x86 = Debug|x86
		Release|x64 = Release|x64
		Release|x86 = Release|x86
	EndGlobalSection
	GlobalSection(ProjectConfigurationPlatforms) = postSolution
		{CB7D04BF-E7A5-4E4D-B48F-71FB2E9318BF}.Debug|x64.ActiveCfg = Debug|x64
		{CB7D04BF-E7A5-4E4D-B48F-71FB2E9318BF}.Debug|x64.Build.0 = Debug|x64
		{CB7D04BF-E7A5-4E4D-B48F-71FB2E9318BF}.Debug|x86.ActiveCfg = Debug|Win32
		{CB7D04BF-E7A5-4E4D-B48F-71FB2E9318BF}.Debug|x86.Build.0 = Debug|Win32
		{CB7D04BF-E7A5-4E4D-B48F-71FB2E9318BF}.Release|x64.ActiveCfg = Release|x64
		{CB7D04BF-E7A5-4E4D-B48F-71FB2E9318BF}.Release|x64.Build.0 = Release|x64
		{CB7D04BF-E7A5-4E4D-B48F-71FB2E9318BF}.Release|x86.ActiveCfg = Release|Win32
		{CB7D04BF-E7A5-4E4D-B48F-71FB2E9318BF}.Release|x86.Build.0 = Release|Win32
	EndGlobalSection
	GlobalSection(SolutionProperties) = preSolution
		HideSolutionNode = FALSE
	EndGlobalSection
	GlobalSection(ExtensibilityGlobals) = postSolution
		SolutionGuid = {C9922C53-079E-4876-87E3-F6952188B305}
	EndGlobalSection
EndGlobal
